<Solution>
  <Folder Name="/src/">
    <Project Path="Nedev.FileConverters.XlsxToHtml.Cli/Nedev.FileConverters.XlsxToHtml.Cli.csproj" />
    <Project Path="Nedev.FileConverters.XlsxToHtml.Tests/Nedev.FileConverters.XlsxToHtml.Tests.csproj" />
    <Project Path="Nedev.FileConverters.XlsxToHtml/Nedev.FileConverters.XlsxToHtml.csproj" />
  </Folder>
  <Project Path="Nedev.FormulaEngine.Tests/Nedev.FormulaEngine.Tests.csproj" />
  <Project Path="Nedev.FormulaEngine/Nedev.FormulaEngine.csproj" />
</Solution>
